<?xml version="1.0" encoding="utf-8"?>
<Project ToolsVersion="4.0" xmlns="http://schemas.microsoft.com/developer/msbuild/2003">
  <ItemGroup>
    <Filter Include="Source Files">
      <UniqueIdentifier>{4FC737F1-C7A5-4376-A066-2A32D752A2FF}</UniqueIdentifier>
      <Extensions>cpp;c;cc;cxx;c++;cppm;ixx;def;odl;idl;hpj;bat;asm;asmx</Extensions>
    </Filter>
    <Filter Include="Header Files">
      <UniqueIdentifier>{93995380-89BD-4b04-88EB-625FBE52EBFB}</UniqueIdentifier>
      <Extensions>h;hh;hpp;hxx;h++;hm;inl;inc;ipp;xsd</Extensions>
    </Filter>
    <Filter Include="Resource Files">
      <UniqueIdentifier>{67DA6AB6-F800-4c08-8B7A-83BB121AAD01}</UniqueIdentifier>
      <Extensions>rc;ico;cur;bmp;dlg;rc2;rct;bin;rgs;gif;jpg;jpeg;jpe;resx;tiff;tif;png;wav;mfcribbon-ms</Extensions>
    </Filter>
  </ItemGroup>
  <ItemGroup>
    <ClCompile Include="dllmain.cpp">
      <Filter>Source Files</Filter>
    </ClCompile>
    <ClCompile Include="SDK\typeinfo.cpp">
      <Filter>Source Files</Filter>
    </ClCompile>
    <ClCompile Include="GEN\sdkGen.cpp">
      <Filter>Source Files</Filter>
    </ClCompile>
    <ClCompile Include="MENU\menu.cpp">
      <Filter>Source Files</Filter>
    </ClCompile>
    <ClCompile Include="MENU\resources.cpp">
      <Filter>Source Files</Filter>
    </ClCompile>
    <ClCompile Include="MENU\typeinfo.cpp">
      <Filter>Source Files</Filter>
    </ClCompile>
    <ClCompile Include="MENU\widgets.cpp">
      <Filter>Source Files</Filter>
    </ClCompile>
    <ClCompile Include="MENU\TextEditor.cpp">
      <Filter>Source Files</Filter>
    </ClCompile>
    <ClCompile Include="MENU\LanguageDefinitions.cpp">
      <Filter>Source Files</Filter>
    </ClCompile>
    <ClCompile Include="MENU\imGuiFileDialog.cpp">
      <Filter>Source Files</Filter>
    </ClCompile>
    <ClCompile Include="MENU\entity.cpp">
      <Filter>Source Files</Filter>
    </ClCompile>
    <ClCompile Include="MENU\ff.cpp">
      <Filter>Source Files</Filter>
    </ClCompile>
  </ItemGroup>
  <ItemGroup>
    <None Include="vcpkg.json" />
    <None Include=".gitignore" />
  </ItemGroup>
  <ItemGroup>
    <ClInclude Include="SDK\sdk.h">
      <Filter>Header Files</Filter>
    </ClInclude>
    <ClInclude Include="SDK\eastl.h">
      <Filter>Header Files</Filter>
    </ClInclude>
    <ClInclude Include="SDK\general.h">
      <Filter>Header Files</Filter>
    </ClInclude>
    <ClInclude Include="SDK\ff.h">
      <Filter>Header Files</Filter>
    </ClInclude>
    <ClInclude Include="SDK\typeinfo.h">
      <Filter>Header Files</Filter>
    </ClInclude>
    <ClInclude Include="GEN\sdktypes.h">
      <Filter>Header Files</Filter>
    </ClInclude>
    <ClInclude Include="GEN\sdkGen.h">
      <Filter>Header Files</Filter>
    </ClInclude>
    <ClInclude Include="SDK\offsets.h">
      <Filter>Header Files</Filter>
    </ClInclude>
    <ClInclude Include="SDK\checks.h">
      <Filter>Header Files</Filter>
    </ClInclude>
    <ClInclude Include="MENU\menu.h">
      <Filter>Header Files</Filter>
    </ClInclude>
    <ClInclude Include="MENU\resources.h">
      <Filter>Header Files</Filter>
    </ClInclude>
    <ClInclude Include="MENU\typeinfo.h">
      <Filter>Header Files</Filter>
    </ClInclude>
    <ClInclude Include="MENU\widgets.h">
      <Filter>Header Files</Filter>
    </ClInclude>
    <ClInclude Include="MENU\fuzzy_match.h">
      <Filter>Header Files</Filter>
    </ClInclude>
    <ClInclude Include="MENU\TextEditor.h">
      <Filter>Header Files</Filter>
    </ClInclude>
    <ClInclude Include="MENU\imGuiFileDialog.h">
      <Filter>Header Files</Filter>
    </ClInclude>
    <ClInclude Include="MENU\dirent\dirent.h">
      <Filter>Header Files</Filter>
    </ClInclude>
    <ClInclude Include="MENU\entity.h">
      <Filter>Header Files</Filter>
    </ClInclude>
    <ClInclude Include="MENU\ff.h">
      <Filter>Header Files</Filter>
    </ClInclude>
    <ClInclude Include="MENU\vfunc.h">
      <Filter>Header Files</Filter>
    </ClInclude>
  </ItemGroup>
</Project>